// !$*UTF8*$!
{
	archiveVersion = 1;
	classes = {
	};
	objectVersion = 77;
	objects = {

/* Begin PBXContainerItemProxy section */
		E5091D772EEB8F8E0058544D /* PBXContainerItemProxy */ = {
			isa = PBXContainerItemProxy;
			containerPortal = E5091D612EEB8F8A0058544D /* Project object */;
			proxyType = 1;
			remoteGlobalIDString = E5091D682EEB8F8A0058544D;
			remoteInfo = RobotVisionBeacon;
		};
		E5091D812EEB8F8E0058544D /* PBXContainerItemProxy */ = {
			isa = PBXContainerItemProxy;
			containerPortal = E5091D612EEB8F8A0058544D /* Project object */;
			proxyType = 1;
			remoteGlobalIDString = E5091D682EEB8F8A0058544D;
			remoteInfo = RobotVisionBeacon;
		};
/* End PBXContainerItemProxy section */

/* Begin PBXFileReference section */
		E5091D692EEB8F8A0058544D /* RobotVisionBeacon.app */ = {isa = PBXFileReference; explicitFileType = wrapper.application; includeInIndex = 0; path = RobotVisionBeacon.app; sourceTree = BUILT_PRODUCTS_DIR; };
		E5091D762EEB8F8E0058544D /* RobotVisionBeaconTests.xctest */ = {isa = PBXFileReference; explicitFileType = wrapper.cfbundle; includeInIndex = 0; path = RobotVisionBeaconTests.xctest; sourceTree = BUILT_PRODUCTS_DIR; };
		E5091D802EEB8F8E0058544D /* RobotVisionBeaconUITests.xctest */ = {isa = PBXFileReference; explicitFileType = wrapper.cfbundle; includeInIndex = 0; path = RobotVisionBeaconUITests.xctest; sourceTree = BUILT_PRODUCTS_DIR; };
/* End PBXFileReference section */

/* Begin PBXFileSystemSynchronizedRootGroup section */
		E5091D6B2EEB8F8A0058544D /* RobotVisionBeacon */ = {
			isa = PBXFileSystemSynchronizedRootGroup;
			path = RobotVisionBeacon;
			sourceTree = "<group>";
		};
		E5091D792EEB8F8E0058544D /* RobotVisionBeaconTests */ = {
			isa = PBXFileSystemSynchronizedRootGroup;
			path = RobotVisionBeaconTests;
			sourceTree = "<group>";
		};
		E5091D832EEB8F8E0058544D /* RobotVisionBeaconUITests */ = {
			isa = PBXFileSystemSynchronizedRootGroup;
			path = RobotVisionBeaconUITests;
			sourceTree = "<group>";
		};
/* End PBXFileSystemSynchronizedRootGroup section */

/* Begin PBXFrameworksBuildPhase section */
		E5091D662EEB8F8A0058544D /* Frameworks */ = {
			isa = PBXFrameworksBuildPhase;
			buildActionMask = 2147483647;
			files = (
			);
			runOnlyForDeploymentPostprocessing = 0;
		};
		E5091D732EEB8F8E0058544D /* Frameworks */ = {
			isa = PBXFrameworksBuildPhase;
			buildActionMask = 2147483647;
			files = (
			);
			runOnlyForDeploymentPostprocessing = 0;
		};
		E5091D7D2EEB8F8E0058544D /* Frameworks */ = {
			isa = PBXFrameworksBuildPhase;
			buildActionMask = 2147483647;
			files = (
			);
			runOnlyForDeploymentPostprocessing = 0;
		};
/* End PBXFrameworksBuildPhase section */

/* Begin PBXGroup section */
		E5091D602EEB8F8A0058544D = {
			isa = PBXGroup;
			children = (
				E5091D6B2EEB8F8A0058544D /* RobotVisionBeacon */,
				E5091D792EEB8F8E0058544D /* RobotVisionBeaconTests */,
				E5091D832EEB8F8E0058544D /* RobotVisionBeaconUITests */,
				E5091D6A2EEB8F8A0058544D /* Products */,
			);
			sourceTree = "<group>";
		};
		E5091D6A2EEB8F8A0058544D /* Products */ = {
			isa = PBXGroup;
			children = (
				E5091D692EEB8F8A0058544D /* RobotVisionBeacon.app */,
				E5091D762EEB8F8E0058544D /* RobotVisionBeaconTests.xctest */,
				E5091D802EEB8F8E0058544D /* RobotVisionBeaconUITests.xctest */,
			);
			name = Products;
			sourceTree = "<group>";
		};
/* End PBXGroup section */

/* Begin PBXNativeTarget section */
		E5091D682EEB8F8A0058544D /* RobotVisionBeacon */ = {
			isa = PBXNativeTarget;
			buildConfigurationList = E5091D8A2EEB8F8E0058544D /* Build configuration list for PBXNativeTarget "RobotVisionBeacon" */;
			buildPhases = (
				E5091D652EEB8F8A0058544D /* Sources */,
				E5091D662EEB8F8A0058544D /* Frameworks */,
				E5091D672EEB8F8A0058544D /* Resources */,
			);
			buildRules = (
			);
			dependencies = (
			);
			fileSystemSynchronizedGroups = (
				E5091D6B2EEB8F8A0058544D /* RobotVisionBeacon */,
			);
			name = RobotVisionBeacon;
			packageProductDependencies = (
			);
			productName = RobotVisionBeacon;
			productReference = E5091D692EEB8F8A0058544D /* RobotVisionBeacon.app */;
			productType = "com.apple.product-type.application";
		};
		E5091D752EEB8F8E0058544D /* RobotVisionBeaconTests */ = {
			isa = PBXNativeTarget;
			buildConfigurationList = E5091D8D2EEB8F8E0058544D /* Build configuration list for PBXNativeTarget "RobotVisionBeaconTests" */;
			buildPhases = (
				E5091D722EEB8F8E0058544D /* Sources */,
				E5091D732EEB8F8E0058544D /* Frameworks */,
				E5091D742EEB8F8E0058544D /* Resources */,
			);
			buildRules = (
			);
			dependencies = (
				E5091D782EEB8F8E0058544D /* PBXTargetDependency */,
			);
			fileSystemSynchronizedGroups = (
				E5091D792EEB8F8E0058544D /* RobotVisionBeaconTests */,
			);
			name = RobotVisionBeaconTests;
			packageProductDependencies = (
			);
			productName = RobotVisionBeaconTests;
			productReference = E5091D762EEB8F8E0058544D /* RobotVisionBeaconTests.xctest */;
			productType = "com.apple.product-type.bundle.unit-test";
		};
		E5091D7F2EEB8F8E0058544D /* RobotVisionBeaconUITests */ = {
			isa = PBXNativeTarget;
			buildConfigurationList = E5091D902EEB8F8E0058544D /* Build configuration list for PBXNativeTarget "RobotVisionBeaconUITests" */;
			buildPhases = (
				E5091D7C2EEB8F8E0058544D /* Sources */,
				E5091D7D2EEB8F8E0058544D /* Frameworks */,
				E5091D7E2EEB8F8E0058544D /* Resources */,
			);
			buildRules = (
			);
			dependencies = (
				E5091D822EEB8F8E0058544D /* PBXTargetDependency */,
			);
			fileSystemSynchronizedGroups = (
				E5091D832EEB8F8E0058544D /* RobotVisionBeaconUITests */,
			);
			name = RobotVisionBeaconUITests;
			packageProductDependencies = (
			);
			productName = RobotVisionBeaconUITests;
			productReference = E5091D802EEB8F8E0058544D /* RobotVisionBeaconUITests.xctest */;
			productType = "com.apple.product-type.bundle.ui-testing";
		};
/* End PBXNativeTarget section */

/* Begin PBXProject section */
		E5091D612EEB8F8A0058544D /* Project object */ = {
			isa = PBXProject;
			attributes = {
				BuildIndependentTargetsInParallel = 1;
				LastSwiftUpdateCheck = 2610;
				LastUpgradeCheck = 2610;
				TargetAttributes = {
					E5091D682EEB8F8A0058544D = {
						CreatedOnToolsVersion = 26.1.1;
					};
					E5091D752EEB8F8E0058544D = {
						CreatedOnToolsVersion = 26.1.1;
						TestTargetID = E5091D682EEB8F8A0058544D;
					};
					E5091D7F2EEB8F8E0058544D = {
						CreatedOnToolsVersion = 26.1.1;
						TestTargetID = E5091D682EEB8F8A0058544D;
					};
				};
			};
			buildConfigurationList = E5091D642EEB8F8A0058544D /* Build configuration list for PBXProject "RobotVisionBeacon" */;
			developmentRegion = en;
			hasScannedForEncodings = 0;
			knownRegions = (
				en,
				Base,
			);
			mainGroup = E5091D602EEB8F8A0058544D;
			minimizedProjectReferenceProxies = 1;
			preferredProjectObjectVersion = 77;
			productRefGroup = E5091D6A2EEB8F8A0058544D /* Products */;
			projectDirPath = "";
			projectRoot = "";
			targets = (
				E5091D682EEB8F8A0058544D /* RobotVisionBeacon */,
				E5091D752EEB8F8E0058544D /* RobotVisionBeaconTests */,
				E5091D7F2EEB8F8E0058544D /* RobotVisionBeaconUITests */,
			);
		};
/* End PBXProject section */

/* Begin PBXResourcesBuildPhase section */
		E5091D672EEB8F8A0058544D /* Resources */ = {
			isa = PBXResourcesBuildPhase;
			buildActionMask = 2147483647;
			files = (
			);
			runOnlyForDeploymentPostprocessing = 0;
		};
		E5091D742EEB8F8E0058544D /* Resources */ = {
			isa = PBXResourcesBuildPhase;
			buildActionMask = 2147483647;
			files = (
			);
			runOnlyForDeploymentPostprocessing = 0;
		};
		E5091D7E2EEB8F8E0058544D /* Resources */ = {
			isa = PBXResourcesBuildPhase;
			buildActionMask = 2147483647;
			files = (
			);
			runOnlyForDeploymentPostprocessing = 0;
		};
/* End PBXResourcesBuildPhase section */

/* Begin PBXSourcesBuildPhase section */
		E5091D652EEB8F8A0058544D /* Sources */ = {
			isa = PBXSourcesBuildPhase;
			buildActionMask = 2147483647;
			files = (
			);
			runOnlyForDeploymentPostprocessing = 0;
		};
		E5091D722EEB8F8E0058544D /* Sources */ = {
			isa = PBXSourcesBuildPhase;
			buildActionMask = 2147483647;
			files = (
			);
			runOnlyForDeploymentPostprocessing = 0;
		};
		E5091D7C2EEB8F8E0058544D /* Sources */ = {
			isa = PBXSourcesBuildPhase;
			buildActionMask = 2147483647;
			files = (
			);
			runOnlyForDeploymentPostprocessing = 0;
		};
/* End PBXSourcesBuildPhase section */

/* Begin PBXTargetDependency section */
		E5091D782EEB8F8E0058544D /* PBXTargetDependency */ = {
			isa = PBXTargetDependency;
			target = E5091D682EEB8F8A0058544D /* RobotVisionBeacon */;
			targetProxy = E5091D772EEB8F8E0058544D /* PBXContainerItemProxy */;
		};
		E5091D822EEB8F8E0058544D /* PBXTargetDependency */ = {
			isa = PBXTargetDependency;
			target = E5091D682EEB8F8A0058544D /* RobotVisionBeacon */;
			targetProxy = E5091D812EEB8F8E0058544D /* PBXContainerItemProxy */;
		};
/* End PBXTargetDependency section */

/* Begin XCBuildConfiguration section */
		E5091D882EEB8F8E0058544D /* Debug */ = {
			isa = XCBuildConfiguration;
			buildSettings = {
				ALWAYS_SEARCH_USER_PATHS = NO;
				ASSETCATALOG_COMPILER_GENERATE_SWIFT_ASSET_SYMBOL_EXTENSIONS = YES;
				CLANG_ANALYZER_NONNULL = YES;
				CLANG_ANALYZER_NUMBER_OBJECT_CONVERSION = YES_AGGRESSIVE;
				CLANG_CXX_LANGUAGE_STANDARD = "gnu++20";
				CLANG_ENABLE_MODULES = YES;
				CLANG_ENABLE_OBJC_ARC = YES;
				CLANG_ENABLE_OBJC_WEAK = YES;
				CLANG_WARN_BLOCK_CAPTURE_AUTORELEASING = YES;
				CLANG_WARN_BOOL_CONVERSION = YES;
				CLANG_WARN_COMMA = YES;
				CLANG_WARN_CONSTANT_CONVERSION = YES;
				CLANG_WARN_DEPRECATED_OBJC_IMPLEMENTATIONS = YES;
				CLANG_WARN_DIRECT_OBJC_ISA_USAGE = YES_ERROR;
				CLANG_WARN_DOCUMENTATION_COMMENTS = YES;
				CLANG_WARN_EMPTY_BODY = YES;
				CLANG_WARN_ENUM_CONVERSION = YES;
				CLANG_WARN_INFINITE_RECURSION = YES;
				CLANG_WARN_INT_CONVERSION = YES;
				CLANG_WARN_NON_LITERAL_NULL_CONVERSION = YES;
				CLANG_WARN_OBJC_IMPLICIT_RETAIN_SELF = YES;
				CLANG_WARN_OBJC_LITERAL_CONVERSION = YES;
				CLANG_WARN_OBJC_ROOT_CLASS = YES_ERROR;
				CLANG_WARN_QUOTED_INCLUDE_IN_FRAMEWORK_HEADER = YES;
				CLANG_WARN_RANGE_LOOP_ANALYSIS = YES;
				CLANG_WARN_STRICT_PROTOTYPES = YES;
				CLANG_WARN_SUSPICIOUS_MOVE = YES;
				CLANG_WARN_UNGUARDED_AVAILABILITY = YES_AGGRESSIVE;
				CLANG_WARN_UNREACHABLE_CODE = YES;
				CLANG_WARN__DUPLICATE_METHOD_MATCH = YES;
				COPY_PHASE_STRIP = NO;
				DEBUG_INFORMATION_FORMAT = dwarf;
				DEVELOPMENT_TEAM = S79W4UUKR2;
				ENABLE_STRICT_OBJC_MSGSEND = YES;
				ENABLE_TESTABILITY = YES;
				ENABLE_USER_SCRIPT_SANDBOXING = YES;
				GCC_C_LANGUAGE_STANDARD = gnu17;
				GCC_DYNAMIC_NO_PIC = NO;
				GCC_NO_COMMON_BLOCKS = YES;
				GCC_OPTIMIZATION_LEVEL = 0;
				GCC_PREPROCESSOR_DEFINITIONS = (
					"DEBUG=1",
					"$(inherited)",
				);
				GCC_WARN_64_TO_32_BIT_CONVERSION = YES;
				GCC_WARN_ABOUT_RETURN_TYPE = YES_ERROR;
				GCC_WARN_UNDECLARED_SELECTOR = YES;
				GCC_WARN_UNINITIALIZED_AUTOS = YES_AGGRESSIVE;
				GCC_WARN_UNUSED_FUNCTION = YES;
				GCC_WARN_UNUSED_VARIABLE = YES;
				IPHONEOS_DEPLOYMENT_TARGET = 26.1;
				LOCALIZATION_PREFERS_STRING_CATALOGS = YES;
				MTL_ENABLE_DEBUG_INFO = INCLUDE_SOURCE;
				MTL_FAST_MATH = YES;
				ONLY_ACTIVE_ARCH = YES;
				SDKROOT = iphoneos;
				SWIFT_ACTIVE_COMPILATION_CONDITIONS = "DEBUG $(inherited)";
				SWIFT_OPTIMIZATION_LEVEL = "-Onone";
			};
			name = Debug;
		};
		E5091D892EEB8F8E0058544D /* Release */ = {
			isa = XCBuildConfiguration;
			buildSettings = {
				ALWAYS_SEARCH_USER_PATHS = NO;
				ASSETCATALOG_COMPILER_GENERATE_SWIFT_ASSET_SYMBOL_EXTENSIONS = YES;
				CLANG_ANALYZER_NONNULL = YES;
				CLANG_ANALYZER_NUMBER_OBJECT_CONVERSION = YES_AGGRESSIVE;
				CLANG_CXX_LANGUAGE_STANDARD = "gnu++20";
				CLANG_ENABLE_MODULES = YES;
				CLANG_ENABLE_OBJC_ARC = YES;
				CLANG_ENABLE_OBJC_WEAK = YES;
				CLANG_WARN_BLOCK_CAPTURE_AUTORELEASING = YES;
				CLANG_WARN_BOOL_CONVERSION = YES;
				CLANG_WARN_COMMA = YES;
				CLANG_WARN_CONSTANT_CONVERSION = YES;
				CLANG_WARN_DEPRECATED_OBJC_IMPLEMENTATIONS = YES;
				CLANG_WARN_DIRECT_OBJC_ISA_USAGE = YES_ERROR;
				CLANG_WARN_DOCUMENTATION_COMMENTS = YES;
				CLANG_WARN_EMPTY_BODY = YES;
				CLANG_WARN_ENUM_CONVERSION = YES;
				CLANG_WARN_INFINITE_RECURSION = YES;
				CLANG_WARN_INT_CONVERSION = YES;
				CLANG_WARN_NON_LITERAL_NULL_CONVERSION = YES;
				CLANG_WARN_OBJC_IMPLICIT_RETAIN_SELF = YES;
				CLANG_WARN_OBJC_LITERAL_CONVERSION = YES;
				CLANG_WARN_OBJC_ROOT_CLASS = YES_ERROR;
				CLANG_WARN_QUOTED_INCLUDE_IN_FRAMEWORK_HEADER = YES;
				CLANG_WARN_RANGE_LOOP_ANALYSIS = YES;
				CLANG_WARN_STRICT_PROTOTYPES = YES;
				CLANG_WARN_SUSPICIOUS_MOVE = YES;
				CLANG_WARN_UNGUARDED_AVAILABILITY = YES_AGGRESSIVE;
				CLANG_WARN_UNREACHABLE_CODE = YES;
				CLANG_WARN__DUPLICATE_METHOD_MATCH = YES;
				COPY_PHASE_STRIP = NO;
				DEBUG_INFORMATION_FORMAT = "dwarf-with-dsym";
				DEVELOPMENT_TEAM = S79W4UUKR2;
				ENABLE_NS_ASSERTIONS = NO;
				ENABLE_STRICT_OBJC_MSGSEND = YES;
				ENABLE_USER_SCRIPT_SANDBOXING = YES;
				GCC_C_LANGUAGE_STANDARD = gnu17;
				GCC_NO_COMMON_BLOCKS = YES;
				GCC_WARN_64_TO_32_BIT_CONVERSION = YES;
				GCC_WARN_ABOUT_RETURN_TYPE = YES_ERROR;
				GCC_WARN_UNDECLARED_SELECTOR = YES;
				GCC_WARN_UNINITIALIZED_AUTOS = YES_AGGRESSIVE;
				GCC_WARN_UNUSED_FUNCTION = YES;
				GCC_WARN_UNUSED_VARIABLE = YES;
				IPHONEOS_DEPLOYMENT_TARGET = 26.1;
				LOCALIZATION_PREFERS_STRING_CATALOGS = YES;
				MTL_ENABLE_DEBUG_INFO = NO;
				MTL_FAST_MATH = YES;
				SDKROOT = iphoneos;
				SWIFT_COMPILATION_MODE = wholemodule;
				VALIDATE_PRODUCT = YES;
			};
			name = Release;
		};
		E5091D8B2EEB8F8E0058544D /* Debug */ = {
			isa = XCBuildConfiguration;
			buildSettings = {
				ASSETCATALOG_COMPILER_APPICON_NAME = AppIcon;
				ASSETCATALOG_COMPILER_GLOBAL_ACCENT_COLOR_NAME = AccentColor;
				CODE_SIGN_STYLE = Automatic;
				CURRENT_PROJECT_VERSION = 1;
				DEVELOPMENT_TEAM = S79W4UUKR2;
				ENABLE_PREVIEWS = YES;
				GENERATE_INFOPLIST_FILE = YES;
				INFOPLIST_KEY_NSCameraUsageDescription = "For Barcode Scanning";
				INFOPLIST_KEY_UIApplicationSceneManifest_Generation = YES;
				INFOPLIST_KEY_UIApplicationSupportsIndirectInputEvents = YES;
				INFOPLIST_KEY_UILaunchScreen_Generation = YES;
				INFOPLIST_KEY_UISupportedInterfaceOrientations_iPad = "UIInterfaceOrientationPortrait UIInterfaceOrientationPortraitUpsideDown UIInterfaceOrientationLandscapeLeft UIInterfaceOrientationLandscapeRight";
				INFOPLIST_KEY_UISupportedInterfaceOrientations_iPhone = "UIInterfaceOrientationPortrait UIInterfaceOrientationLandscapeLeft UIInterfaceOrientationLandscapeRight";
				LD_RUNPATH_SEARCH_PATHS = (
					"$(inherited)",
					"@executable_path/Frameworks",
				);
				MARKETING_VERSION = 1.0;
				PRODUCT_BUNDLE_IDENTIFIER = com.haoran.RobotVisionBeacon;
				PRODUCT_NAME = "$(TARGET_NAME)";
				STRING_CATALOG_GENERATE_SYMBOLS = YES;
				SWIFT_APPROACHABLE_CONCURRENCY = YES;
				SWIFT_DEFAULT_ACTOR_ISOLATION = MainActor;
				SWIFT_EMIT_LOC_STRINGS = YES;
				SWIFT_UPCOMING_FEATURE_MEMBER_IMPORT_VISIBILITY = YES;
				SWIFT_VERSION = 5.0;
				TARGETED_DEVICE_FAMILY = "1,2";
			};
			name = Debug;
		};
		E5091D8C2EEB8F8E0058544D /* Release */ = {
			isa = XCBuildConfiguration;
			buildSettings = {
				ASSETCATALOG_COMPILER_APPICON_NAME = AppIcon;
				ASSETCATALOG_COMPILER_GLOBAL_ACCENT_COLOR_NAME = AccentColor;
				CODE_SIGN_STYLE = Automatic;
				CURRENT_PROJECT_VERSION = 1;
				DEVELOPMENT_TEAM = S79W4UUKR2;
				ENABLE_PREVIEWS = YES;
				GENERATE_INFOPLIST_FILE = YES;
				INFOPLIST_KEY_NSCameraUsageDescription = "For Barcode Scanning";
				INFOPLIST_KEY_UIApplicationSceneManifest_Generation = YES;
				INFOPLIST_KEY_UIApplicationSupportsIndirectInputEvents = YES;
				INFOPLIST_KEY_UILaunchScreen_Generation = YES;
				INFOPLIST_KEY_UISupportedInterfaceOrientations_iPad = "UIInterfaceOrientationPortrait UIInterfaceOrientationPortraitUpsideDown UIInterfaceOrientationLandscapeLeft UIInterfaceOrientationLandscapeRight";
				INFOPLIST_KEY_UISupportedInterfaceOrientations_iPhone = "UIInterfaceOrientationPortrait UIInterfaceOrientationLandscapeLeft UIInterfaceOrientationLandscapeRight";
				LD_RUNPATH_SEARCH_PATHS = (
					"$(inherited)",
					"@executable_path/Frameworks",
				);
				MARKETING_VERSION = 1.0;
				PRODUCT_BUNDLE_IDENTIFIER = com.haoran.RobotVisionBeacon;
				PRODUCT_NAME = "$(TARGET_NAME)";
				STRING_CATALOG_GENERATE_SYMBOLS = YES;
				SWIFT_APPROACHABLE_CONCURRENCY = YES;
				SWIFT_DEFAULT_ACTOR_ISOLATION = MainActor;
				SWIFT_EMIT_LOC_STRINGS = YES;
				SWIFT_UPCOMING_FEATURE_MEMBER_IMPORT_VISIBILITY = YES;
				SWIFT_VERSION = 5.0;
				TARGETED_DEVICE_FAMILY = "1,2";
			};
			name = Release;
		};
		E5091D8E2EEB8F8E0058544D /* Debug */ = {
			isa = XCBuildConfiguration;
			buildSettings = {
				BUNDLE_LOADER = "$(TEST_HOST)";
				CODE_SIGN_STYLE = Automatic;
				CURRENT_PROJECT_VERSION = 1;
				DEVELOPMENT_TEAM = S79W4UUKR2;
				GENERATE_INFOPLIST_FILE = YES;
				IPHONEOS_DEPLOYMENT_TARGET = 26.1;
				MARKETING_VERSION = 1.0;
				PRODUCT_BUNDLE_IDENTIFIER = HCL.RobotVisionBeaconTests;
				PRODUCT_NAME = "$(TARGET_NAME)";
				STRING_CATALOG_GENERATE_SYMBOLS = NO;
				SWIFT_APPROACHABLE_CONCURRENCY = YES;
				SWIFT_EMIT_LOC_STRINGS = NO;
				SWIFT_UPCOMING_FEATURE_MEMBER_IMPORT_VISIBILITY = YES;
				SWIFT_VERSION = 5.0;
				TARGETED_DEVICE_FAMILY = "1,2";
				TEST_HOST = "$(BUILT_PRODUCTS_DIR)/RobotVisionBeacon.app/$(BUNDLE_EXECUTABLE_FOLDER_PATH)/RobotVisionBeacon";
			};
			name = Debug;
		};
		E5091D8F2EEB8F8E0058544D /* Release */ = {
			isa = XCBuildConfiguration;
			buildSettings = {
				BUNDLE_LOADER = "$(TEST_HOST)";
				CODE_SIGN_STYLE = Automatic;
				CURRENT_PROJECT_VERSION = 1;
				DEVELOPMENT_TEAM = S79W4UUKR2;
				GENERATE_INFOPLIST_FILE = YES;
				IPHONEOS_DEPLOYMENT_TARGET = 26.1;
				MARKETING_VERSION = 1.0;
				PRODUCT_BUNDLE_IDENTIFIER = HCL.RobotVisionBeaconTests;
				PRODUCT_NAME = "$(TARGET_NAME)";
				STRING_CATALOG_GENERATE_SYMBOLS = NO;
				SWIFT_APPROACHABLE_CONCURRENCY = YES;
				SWIFT_EMIT_LOC_STRINGS = NO;
				SWIFT_UPCOMING_FEATURE_MEMBER_IMPORT_VISIBILITY = YES;
				SWIFT_VERSION = 5.0;
				TARGETED_DEVICE_FAMILY = "1,2";
				TEST_HOST = "$(BUILT_PRODUCTS_DIR)/RobotVisionBeacon.app/$(BUNDLE_EXECUTABLE_FOLDER_PATH)/RobotVisionBeacon";
			};
			name = Release;
		};
		E5091D912EEB8F8E0058544D /* Debug */ = {
			isa = XCBuildConfiguration;
			buildSettings = {
				CODE_SIGN_STYLE = Automatic;
				CURRENT_PROJECT_VERSION = 1;
				DEVELOPMENT_TEAM = S79W4UUKR2;
				GENERATE_INFOPLIST_FILE = YES;
				MARKETING_VERSION = 1.0;
				PRODUCT_BUNDLE_IDENTIFIER = HCL.RobotVisionBeaconUITests;
				PRODUCT_NAME = "$(TARGET_NAME)";
				STRING_CATALOG_GENERATE_SYMBOLS = NO;
				SWIFT_APPROACHABLE_CONCURRENCY = YES;
				SWIFT_EMIT_LOC_STRINGS = NO;
				SWIFT_UPCOMING_FEATURE_MEMBER_IMPORT_VISIBILITY = YES;
				SWIFT_VERSION = 5.0;
				TARGETED_DEVICE_FAMILY = "1,2";
				TEST_TARGET_NAME = RobotVisionBeacon;
			};
			name = Debug;
		};
		E5091D922EEB8F8E0058544D /* Release */ = {
			isa = XCBuildConfiguration;
			buildSettings = {
				CODE_SIGN_STYLE = Automatic;
				CURRENT_PROJECT_VERSION = 1;
				DEVELOPMENT_TEAM = S79W4UUKR2;
				GENERATE_INFOPLIST_FILE = YES;
				MARKETING_VERSION = 1.0;
				PRODUCT_BUNDLE_IDENTIFIER = HCL.RobotVisionBeaconUITests;
				PRODUCT_NAME = "$(TARGET_NAME)";
				STRING_CATALOG_GENERATE_SYMBOLS = NO;
				SWIFT_APPROACHABLE_CONCURRENCY = YES;
				SWIFT_EMIT_LOC_STRINGS = NO;
				SWIFT_UPCOMING_FEATURE_MEMBER_IMPORT_VISIBILITY = YES;
				SWIFT_VERSION = 5.0;
				TARGETED_DEVICE_FAMILY = "1,2";
				TEST_TARGET_NAME = RobotVisionBeacon;
			};
			name = Release;
		};
/* End XCBuildConfiguration section */

/* Begin XCConfigurationList section */
		E5091D642EEB8F8A0058544D /* Build configuration list for PBXProject "RobotVisionBeacon" */ = {
			isa = XCConfigurationList;
			buildConfigurations = (
				E5091D882EEB8F8E0058544D /* Debug */,
				E5091D892EEB8F8E0058544D /* Release */,
			);
			defaultConfigurationIsVisible = 0;
			defaultConfigurationName = Release;
		};
		E5091D8A2EEB8F8E0058544D /* Build configuration list for PBXNativeTarget "RobotVisionBeacon" */ = {
			isa = XCConfigurationList;
			buildConfigurations = (
				E5091D8B2EEB8F8E0058544D /* Debug */,
				E5091D8C2EEB8F8E0058544D /* Release */,
			);
			defaultConfigurationIsVisible = 0;
			defaultConfigurationName = Release;
		};
		E5091D8D2EEB8F8E0058544D /* Build configuration list for PBXNativeTarget "RobotVisionBeaconTests" */ = {
			isa = XCConfigurationList;
			buildConfigurations = (
				E5091D8E2EEB8F8E0058544D /* Debug */,
				E5091D8F2EEB8F8E0058544D /* Release */,
			);
			defaultConfigurationIsVisible = 0;
			defaultConfigurationName = Release;
		};
		E5091D902EEB8F8E0058544D /* Build configuration list for PBXNativeTarget "RobotVisionBeaconUITests" */ = {
			isa = XCConfigurationList;
			buildConfigurations = (
				E5091D912EEB8F8E0058544D /* Debug */,
				E5091D922EEB8F8E0058544D /* Release */,
			);
			defaultConfigurationIsVisible = 0;
			defaultConfigurationName = Release;
		};
/* End XCConfigurationList section */
	};
	rootObject = E5091D612EEB8F8A0058544D /* Project object */;
}
